
Microsoft Visual Studio Solution File, Format Version 12.00
# Visual Studio Version 17
VisualStudioVersion = 17.2.32616.157
MinimumVisualStudioVersion = 10.0.40219.1
Project("{FAE04EC0-301F-11D3-BF4B-00C04F79EFBC}") = "Your_Room", "Your_Room\Your_Room.csproj", "{0CD8C4EB-1FCD-4785-9B7E-66B20392A9DC}"
EndProject
Global
	GlobalSection(SolutionConfigurationPlatforms) = preSolution
		Debug|Any CPU = Debug|Any CPU
		Release|Any CPU = Release|Any CPU
	EndGlobalSection
	GlobalSection(ProjectConfigurationPlatforms) = postSolution
		{0CD8C4EB-1FCD-4785-9B7E-66B20392A9DC}.Debug|Any CPU.ActiveCfg = Debug|Any CPU
		{0CD8C4EB-1FCD-4785-9B7E-66B20392A9DC}.Debug|Any CPU.Build.0 = Debug|Any CPU
		{0CD8C4EB-1FCD-4785-9B7E-66B20392A9DC}.Release|Any CPU.ActiveCfg = Release|Any CPU
		{0CD8C4EB-1FCD-4785-9B7E-66B20392A9DC}.Release|Any CPU.Build.0 = Release|Any CPU
	EndGlobalSection
	GlobalSection(SolutionProperties) = preSolution
		HideSolutionNode = FALSE
	EndGlobalSection
	GlobalSection(ExtensibilityGlobals) = postSolution
		SolutionGuid = {57E666FF-82FC-44E2-B7D2-E8AC09DD41CD}
	EndGlobalSection
EndGlobal
